<?xml version="1.0" encoding="utf-8"?>
<Project ToolsVersion="4.0" xmlns="http://schemas.microsoft.com/developer/msbuild/2003">
  <ItemGroup>
    <Filter Include="Source Files">
      <UniqueIdentifier>{4FC737F1-C7A5-4376-A066-2A32D752A2FF}</UniqueIdentifier>
      <Extensions>cpp;c;cc;cxx;c++;cppm;ixx;def;odl;idl;hpj;bat;asm;asmx</Extensions>
    </Filter>
    <Filter Include="Header Files">
      <UniqueIdentifier>{93995380-89BD-4b04-88EB-625FBE52EBFB}</UniqueIdentifier>
      <Extensions>h;hh;hpp;hxx;h++;hm;inl;inc;ipp;xsd</Extensions>
    </Filter>
    <Filter Include="Resource Files">
      <UniqueIdentifier>{67DA6AB6-F800-4c08-8B7A-83BB121AAD01}</UniqueIdentifier>
      <Extensions>rc;ico;cur;bmp;dlg;rc2;rct;bin;rgs;gif;jpg;jpeg;jpe;resx;tiff;tif;png;wav;mfcribbon-ms</Extensions>
    </Filter>
    <Filter Include="Header Files\LongInt">
      <UniqueIdentifier>{68c2db40-60c7-4d0f-ac78-1af05b15f6f9}</UniqueIdentifier>
    </Filter>
    <Filter Include="Header Files\GraphTheory">
      <UniqueIdentifier>{8ee5fbf2-070a-4162-8236-a308dc5c9553}</UniqueIdentifier>
    </Filter>
    <Filter Include="Header Files\Container">
      <UniqueIdentifier>{57f25a91-2fba-485e-b0fe-106811448c0a}</UniqueIdentifier>
    </Filter>
  </ItemGroup>
  <ItemGroup>
    <ClInclude Include="pch.h">
      <Filter>Header Files</Filter>
    </ClInclude>
    <ClInclude Include="Util.h">
      <Filter>Header Files</Filter>
    </ClInclude>
    <ClInclude Include="Timer.h">
      <Filter>Header Files</Filter>
    </ClInclude>
    <ClInclude Include="CommonDef.h">
      <Filter>Header Files</Filter>
    </ClInclude>
    <ClInclude Include="Mathematics.h">
      <Filter>Header Files</Filter>
    </ClInclude>
    <ClInclude Include="Matrix.h">
      <Filter>Header Files</Filter>
    </ClInclude>
    <ClInclude Include="VecUtil.h">
      <Filter>Header Files</Filter>
    </ClInclude>
    <ClInclude Include="SimulatedAnnealing.h">
      <Filter>Header Files</Filter>
    </ClInclude>
    <ClInclude Include="HillClimb.h">
      <Filter>Header Files</Filter>
    </ClInclude>
    <ClInclude Include="ULongInt.h">
      <Filter>Header Files\LongInt</Filter>
    </ClInclude>
    <ClInclude Include="LongInt.h">
      <Filter>Header Files\LongInt</Filter>
    </ClInclude>
    <ClInclude Include="RawLongInt.h">
      <Filter>Header Files\LongInt</Filter>
    </ClInclude>
    <ClInclude Include="RawULongInt.h">
      <Filter>Header Files\LongInt</Filter>
    </ClInclude>
    <ClInclude Include="RSA.h">
      <Filter>Header Files</Filter>
    </ClInclude>
    <ClInclude Include="DisjointSet.h">
      <Filter>Header Files</Filter>
    </ClInclude>
    <ClInclude Include="BinaryIndexedTree.h">
      <Filter>Header Files</Filter>
    </ClInclude>
    <ClInclude Include="Graph.h">
      <Filter>Header Files\GraphTheory</Filter>
    </ClInclude>
    <ClInclude Include="SparseGraph.h">
      <Filter>Header Files\GraphTheory</Filter>
    </ClInclude>
    <ClInclude Include="DenseGraph.h">
      <Filter>Header Files\GraphTheory</Filter>
    </ClInclude>
    <ClInclude Include="Dijkstra.h">
      <Filter>Header Files\GraphTheory</Filter>
    </ClInclude>
    <ClInclude Include="dynamic_priority_queue.h">
      <Filter>Header Files</Filter>
    </ClInclude>
    <ClInclude Include="GraphTool.h">
      <Filter>Header Files\GraphTheory</Filter>
    </ClInclude>
    <ClInclude Include="defrag_memory_resource.h">
      <Filter>Header Files</Filter>
    </ClInclude>
    <ClInclude Include="Serialization.h">
      <Filter>Header Files</Filter>
    </ClInclude>
    <ClInclude Include="CFGparser.h">
      <Filter>Header Files</Filter>
    </ClInclude>
    <ClInclude Include="low_fragmentation_allocator.h">
      <Filter>Header Files</Filter>
    </ClInclude>
    <ClInclude Include="BlockList.h">
      <Filter>Header Files\Container</Filter>
    </ClInclude>
    <ClInclude Include="sortedvector.h">
      <Filter>Header Files\Container</Filter>
    </ClInclude>
    <ClInclude Include="RBtree.h">
      <Filter>Header Files\Container</Filter>
    </ClInclude>
    <ClInclude Include="Traits.h">
      <Filter>Header Files\Container</Filter>
    </ClInclude>
    <ClInclude Include="MultipleIndexing.h">
      <Filter>Header Files</Filter>
    </ClInclude>
    <ClInclude Include="ParallelTempering.h">
      <Filter>Header Files</Filter>
    </ClInclude>
    <ClInclude Include="SimplexMethod.h">
      <Filter>Header Files</Filter>
    </ClInclude>
    <ClInclude Include="MixedIntegerLinearProgram.h">
      <Filter>Header Files</Filter>
    </ClInclude>
    <ClInclude Include="Tarjan.h">
      <Filter>Header Files</Filter>
    </ClInclude>
  </ItemGroup>
  <ItemGroup>
    <ClCompile Include="pch.cpp">
      <Filter>Source Files</Filter>
    </ClCompile>
    <ClCompile Include="Util.cpp">
      <Filter>Source Files</Filter>
    </ClCompile>
    <ClCompile Include="Mathematics.cpp">
      <Filter>Source Files</Filter>
    </ClCompile>
    <ClCompile Include="SimplexMethod.cpp">
      <Filter>Source Files</Filter>
    </ClCompile>
    <ClCompile Include="MixedIntegerLinearProgram.cpp">
      <Filter>Source Files</Filter>
    </ClCompile>
    <ClCompile Include="Tarjan.cpp">
      <Filter>Source Files</Filter>
    </ClCompile>
  </ItemGroup>
</Project>